
Microsoft Visual Studio Solution File, Format Version 12.00
# Visual Studio 15
VisualStudioVersion = 15.0.27703.2000
MinimumVisualStudioVersion = 10.0.40219.1
Project("{FAE04EC0-301F-11D3-BF4B-00C04F79EFBC}") = "LINQ", "LINQ\LINQ.csproj", "{06FA9E95-7A79-428F-872D-6762C9803C30}"
EndProject
Global
	GlobalSection(SolutionConfigurationPlatforms) = preSolution
		Debug|Any CPU = Debug|Any CPU
		Release|Any CPU = Release|Any CPU
	EndGlobalSection
	GlobalSection(ProjectConfigurationPlatforms) = postSolution
		{06FA9E95-7A79-428F-872D-6762C9803C30}.Debug|Any CPU.ActiveCfg = Debug|Any CPU
		{06FA9E95-7A79-428F-872D-6762C9803C30}.Debug|Any CPU.Build.0 = Debug|Any CPU
		{06FA9E95-7A79-428F-872D-6762C9803C30}.Release|Any CPU.ActiveCfg = Release|Any CPU
		{06FA9E95-7A79-428F-872D-6762C9803C30}.Release|Any CPU.Build.0 = Release|Any CPU
	EndGlobalSection
	GlobalSection(SolutionProperties) = preSolution
		HideSolutionNode = FALSE
	EndGlobalSection
	GlobalSection(ExtensibilityGlobals) = postSolution
		SolutionGuid = {810F5857-5C49-4F0E-91A2-C903F715B058}
	EndGlobalSection
EndGlobal
